
Microsoft Visual Studio Solution File, Format Version 11.00
# Visual Basic Express 2010
Project("{F184B08F-C81C-45F6-A57F-5ABD9991F28F}") = "Elysium", "TitleElysium\Elysium.vbproj", "{7305B001-3487-4A23-9695-F0EC2FA82063}"
EndProject
Global
	GlobalSection(SolutionConfigurationPlatforms) = preSolution
		Debug|x86 = Debug|x86
		Release|x86 = Release|x86
	EndGlobalSection
	GlobalSection(ProjectConfigurationPlatforms) = postSolution
		{7305B001-3487-4A23-9695-F0EC2FA82063}.Debug|x86.ActiveCfg = Debug|x86
		{7305B001-3487-4A23-9695-F0EC2FA82063}.Debug|x86.Build.0 = Debug|x86
		{7305B001-3487-4A23-9695-F0EC2FA82063}.Release|x86.ActiveCfg = Release|x86
		{7305B001-3487-4A23-9695-F0EC2FA82063}.Release|x86.Build.0 = Release|x86
	EndGlobalSection
	GlobalSection(SolutionProperties) = preSolution
		HideSolutionNode = FALSE
	EndGlobalSection
EndGlobal
